
Microsoft Visual Studio Solution File, Format Version 12.00
# Visual Studio Version 17
VisualStudioVersion = 17.1.32421.90
MinimumVisualStudioVersion = 10.0.40219.1
Project("{FAE04EC0-301F-11D3-BF4B-00C04F79EFBC}") = "PrimeiroWindowsForms", "PrimeiroWindowsForms.csproj", "{B5446BE9-E5D0-4662-A6ED-FD87352F0ED7}"
EndProject
Global
	GlobalSection(SolutionConfigurationPlatforms) = preSolution
		Debug|Any CPU = Debug|Any CPU
		Release|Any CPU = Release|Any CPU
	EndGlobalSection
	GlobalSection(ProjectConfigurationPlatforms) = postSolution
		{B5446BE9-E5D0-4662-A6ED-FD87352F0ED7}.Debug|Any CPU.ActiveCfg = Debug|Any CPU
		{B5446BE9-E5D0-4662-A6ED-FD87352F0ED7}.Debug|Any CPU.Build.0 = Debug|Any CPU
		{B5446BE9-E5D0-4662-A6ED-FD87352F0ED7}.Release|Any CPU.ActiveCfg = Release|Any CPU
		{B5446BE9-E5D0-4662-A6ED-FD87352F0ED7}.Release|Any CPU.Build.0 = Release|Any CPU
	EndGlobalSection
	GlobalSection(SolutionProperties) = preSolution
		HideSolutionNode = FALSE
	EndGlobalSection
	GlobalSection(ExtensibilityGlobals) = postSolution
		SolutionGuid = {5B1D15FA-C3B6-468F-9FCE-94037407B7AA}
	EndGlobalSection
EndGlobal
