
Microsoft Visual Studio Solution File, Format Version 12.00
# Visual Studio Version 17
VisualStudioVersion = 17.1.32421.90
MinimumVisualStudioVersion = 10.0.40219.1
Project("{FAE04EC0-301F-11D3-BF4B-00C04F79EFBC}") = "Exercicio006", "Exercicio006.csproj", "{6C8F30E3-3233-4912-8B95-F58541FFE750}"
EndProject
Global
	GlobalSection(SolutionConfigurationPlatforms) = preSolution
		Debug|Any CPU = Debug|Any CPU
		Release|Any CPU = Release|Any CPU
	EndGlobalSection
	GlobalSection(ProjectConfigurationPlatforms) = postSolution
		{6C8F30E3-3233-4912-8B95-F58541FFE750}.Debug|Any CPU.ActiveCfg = Debug|Any CPU
		{6C8F30E3-3233-4912-8B95-F58541FFE750}.Debug|Any CPU.Build.0 = Debug|Any CPU
		{6C8F30E3-3233-4912-8B95-F58541FFE750}.Release|Any CPU.ActiveCfg = Release|Any CPU
		{6C8F30E3-3233-4912-8B95-F58541FFE750}.Release|Any CPU.Build.0 = Release|Any CPU
	EndGlobalSection
	GlobalSection(SolutionProperties) = preSolution
		HideSolutionNode = FALSE
	EndGlobalSection
	GlobalSection(ExtensibilityGlobals) = postSolution
		SolutionGuid = {A1995ECD-C113-422E-A1A2-F233C6C0BA9A}
	EndGlobalSection
EndGlobal
