
Microsoft Visual Studio Solution File, Format Version 12.00
# Visual Studio Version 17
VisualStudioVersion = 17.1.32421.90
MinimumVisualStudioVersion = 10.0.40219.1
Project("{FAE04EC0-301F-11D3-BF4B-00C04F79EFBC}") = "Exercicio004", "Exercicio004.csproj", "{917C6743-11A3-4726-8784-DD3669CE011E}"
EndProject
Global
	GlobalSection(SolutionConfigurationPlatforms) = preSolution
		Debug|Any CPU = Debug|Any CPU
		Release|Any CPU = Release|Any CPU
	EndGlobalSection
	GlobalSection(ProjectConfigurationPlatforms) = postSolution
		{917C6743-11A3-4726-8784-DD3669CE011E}.Debug|Any CPU.ActiveCfg = Debug|Any CPU
		{917C6743-11A3-4726-8784-DD3669CE011E}.Debug|Any CPU.Build.0 = Debug|Any CPU
		{917C6743-11A3-4726-8784-DD3669CE011E}.Release|Any CPU.ActiveCfg = Release|Any CPU
		{917C6743-11A3-4726-8784-DD3669CE011E}.Release|Any CPU.Build.0 = Release|Any CPU
	EndGlobalSection
	GlobalSection(SolutionProperties) = preSolution
		HideSolutionNode = FALSE
	EndGlobalSection
	GlobalSection(ExtensibilityGlobals) = postSolution
		SolutionGuid = {83E26EE7-AFCC-477B-A7FE-1CCACE980D00}
	EndGlobalSection
EndGlobal
