
Microsoft Visual Studio Solution File, Format Version 12.00
# Visual Studio Version 17
VisualStudioVersion = 17.1.32421.90
MinimumVisualStudioVersion = 10.0.40219.1
Project("{FAE04EC0-301F-11D3-BF4B-00C04F79EFBC}") = "Exercicio018", "Exercicio018.csproj", "{7FC13154-F16B-4632-827D-BC5908BD0B8A}"
EndProject
Global
	GlobalSection(SolutionConfigurationPlatforms) = preSolution
		Debug|Any CPU = Debug|Any CPU
		Release|Any CPU = Release|Any CPU
	EndGlobalSection
	GlobalSection(ProjectConfigurationPlatforms) = postSolution
		{7FC13154-F16B-4632-827D-BC5908BD0B8A}.Debug|Any CPU.ActiveCfg = Debug|Any CPU
		{7FC13154-F16B-4632-827D-BC5908BD0B8A}.Debug|Any CPU.Build.0 = Debug|Any CPU
		{7FC13154-F16B-4632-827D-BC5908BD0B8A}.Release|Any CPU.ActiveCfg = Release|Any CPU
		{7FC13154-F16B-4632-827D-BC5908BD0B8A}.Release|Any CPU.Build.0 = Release|Any CPU
	EndGlobalSection
	GlobalSection(SolutionProperties) = preSolution
		HideSolutionNode = FALSE
	EndGlobalSection
	GlobalSection(ExtensibilityGlobals) = postSolution
		SolutionGuid = {80491839-121E-4BCC-93AD-A1B3F5149700}
	EndGlobalSection
EndGlobal
