
Microsoft Visual Studio Solution File, Format Version 12.00
# Visual Studio Version 17
VisualStudioVersion = 17.1.32421.90
MinimumVisualStudioVersion = 10.0.40219.1
Project("{FAE04EC0-301F-11D3-BF4B-00C04F79EFBC}") = "Exercicio016", "Exercicio016.csproj", "{A13FB7E6-15C0-4A21-8F08-D6A286440269}"
EndProject
Global
	GlobalSection(SolutionConfigurationPlatforms) = preSolution
		Debug|Any CPU = Debug|Any CPU
		Release|Any CPU = Release|Any CPU
	EndGlobalSection
	GlobalSection(ProjectConfigurationPlatforms) = postSolution
		{A13FB7E6-15C0-4A21-8F08-D6A286440269}.Debug|Any CPU.ActiveCfg = Debug|Any CPU
		{A13FB7E6-15C0-4A21-8F08-D6A286440269}.Debug|Any CPU.Build.0 = Debug|Any CPU
		{A13FB7E6-15C0-4A21-8F08-D6A286440269}.Release|Any CPU.ActiveCfg = Release|Any CPU
		{A13FB7E6-15C0-4A21-8F08-D6A286440269}.Release|Any CPU.Build.0 = Release|Any CPU
	EndGlobalSection
	GlobalSection(SolutionProperties) = preSolution
		HideSolutionNode = FALSE
	EndGlobalSection
	GlobalSection(ExtensibilityGlobals) = postSolution
		SolutionGuid = {588A6735-5221-4349-AB8E-116196451D8E}
	EndGlobalSection
EndGlobal
