
Microsoft Visual Studio Solution File, Format Version 12.00
# Visual Studio Version 17
VisualStudioVersion = 17.1.32421.90
MinimumVisualStudioVersion = 10.0.40219.1
Project("{FAE04EC0-301F-11D3-BF4B-00C04F79EFBC}") = "exerciciosConsole_EF", "exerciciosConsole_EF.csproj", "{B56CA67F-A1D8-4CE7-908F-959B8814177E}"
EndProject
Global
	GlobalSection(SolutionConfigurationPlatforms) = preSolution
		Debug|Any CPU = Debug|Any CPU
		Release|Any CPU = Release|Any CPU
	EndGlobalSection
	GlobalSection(ProjectConfigurationPlatforms) = postSolution
		{B56CA67F-A1D8-4CE7-908F-959B8814177E}.Debug|Any CPU.ActiveCfg = Debug|Any CPU
		{B56CA67F-A1D8-4CE7-908F-959B8814177E}.Debug|Any CPU.Build.0 = Debug|Any CPU
		{B56CA67F-A1D8-4CE7-908F-959B8814177E}.Release|Any CPU.ActiveCfg = Release|Any CPU
		{B56CA67F-A1D8-4CE7-908F-959B8814177E}.Release|Any CPU.Build.0 = Release|Any CPU
	EndGlobalSection
	GlobalSection(SolutionProperties) = preSolution
		HideSolutionNode = FALSE
	EndGlobalSection
	GlobalSection(ExtensibilityGlobals) = postSolution
		SolutionGuid = {D5ECA224-E44D-499C-B9F9-57568F3D6C23}
	EndGlobalSection
EndGlobal
