
Microsoft Visual Studio Solution File, Format Version 12.00
# Visual Studio Version 17
VisualStudioVersion = 17.1.32421.90
MinimumVisualStudioVersion = 10.0.40219.1
Project("{FAE04EC0-301F-11D3-BF4B-00C04F79EFBC}") = "Exercicio001", "Exercicio001.csproj", "{84C69B49-CEC7-44CE-A096-4D529A2F4ACD}"
EndProject
Global
	GlobalSection(SolutionConfigurationPlatforms) = preSolution
		Debug|Any CPU = Debug|Any CPU
		Release|Any CPU = Release|Any CPU
	EndGlobalSection
	GlobalSection(ProjectConfigurationPlatforms) = postSolution
		{84C69B49-CEC7-44CE-A096-4D529A2F4ACD}.Debug|Any CPU.ActiveCfg = Debug|Any CPU
		{84C69B49-CEC7-44CE-A096-4D529A2F4ACD}.Debug|Any CPU.Build.0 = Debug|Any CPU
		{84C69B49-CEC7-44CE-A096-4D529A2F4ACD}.Release|Any CPU.ActiveCfg = Release|Any CPU
		{84C69B49-CEC7-44CE-A096-4D529A2F4ACD}.Release|Any CPU.Build.0 = Release|Any CPU
	EndGlobalSection
	GlobalSection(SolutionProperties) = preSolution
		HideSolutionNode = FALSE
	EndGlobalSection
	GlobalSection(ExtensibilityGlobals) = postSolution
		SolutionGuid = {83FDD568-9200-49AB-BEF9-9DB1C587FDFA}
	EndGlobalSection
EndGlobal
