
Microsoft Visual Studio Solution File, Format Version 12.00
# Visual Studio Version 17
VisualStudioVersion = 17.1.32421.90
MinimumVisualStudioVersion = 10.0.40219.1
Project("{FAE04EC0-301F-11D3-BF4B-00C04F79EFBC}") = "Exercicio16", "Exercicio16.csproj", "{A17DC3E5-3A14-4C73-AAB3-0579E3A0506D}"
EndProject
Global
	GlobalSection(SolutionConfigurationPlatforms) = preSolution
		Debug|Any CPU = Debug|Any CPU
		Release|Any CPU = Release|Any CPU
	EndGlobalSection
	GlobalSection(ProjectConfigurationPlatforms) = postSolution
		{A17DC3E5-3A14-4C73-AAB3-0579E3A0506D}.Debug|Any CPU.ActiveCfg = Debug|Any CPU
		{A17DC3E5-3A14-4C73-AAB3-0579E3A0506D}.Debug|Any CPU.Build.0 = Debug|Any CPU
		{A17DC3E5-3A14-4C73-AAB3-0579E3A0506D}.Release|Any CPU.ActiveCfg = Release|Any CPU
		{A17DC3E5-3A14-4C73-AAB3-0579E3A0506D}.Release|Any CPU.Build.0 = Release|Any CPU
	EndGlobalSection
	GlobalSection(SolutionProperties) = preSolution
		HideSolutionNode = FALSE
	EndGlobalSection
	GlobalSection(ExtensibilityGlobals) = postSolution
		SolutionGuid = {A0A2E35F-C932-493E-9792-EB3214F80902}
	EndGlobalSection
EndGlobal
