
Microsoft Visual Studio Solution File, Format Version 12.00
# Visual Studio Version 17
VisualStudioVersion = 17.1.32421.90
MinimumVisualStudioVersion = 10.0.40219.1
Project("{FAE04EC0-301F-11D3-BF4B-00C04F79EFBC}") = "Exercicio004", "Exercicio004.csproj", "{273EC3AB-351A-4B2A-844F-27046C04522A}"
EndProject
Global
	GlobalSection(SolutionConfigurationPlatforms) = preSolution
		Debug|Any CPU = Debug|Any CPU
		Release|Any CPU = Release|Any CPU
	EndGlobalSection
	GlobalSection(ProjectConfigurationPlatforms) = postSolution
		{273EC3AB-351A-4B2A-844F-27046C04522A}.Debug|Any CPU.ActiveCfg = Debug|Any CPU
		{273EC3AB-351A-4B2A-844F-27046C04522A}.Debug|Any CPU.Build.0 = Debug|Any CPU
		{273EC3AB-351A-4B2A-844F-27046C04522A}.Release|Any CPU.ActiveCfg = Release|Any CPU
		{273EC3AB-351A-4B2A-844F-27046C04522A}.Release|Any CPU.Build.0 = Release|Any CPU
	EndGlobalSection
	GlobalSection(SolutionProperties) = preSolution
		HideSolutionNode = FALSE
	EndGlobalSection
	GlobalSection(ExtensibilityGlobals) = postSolution
		SolutionGuid = {9961CDD0-67A5-470C-A008-9A305786F996}
	EndGlobalSection
EndGlobal
